
Microsoft Visual Studio Solution File, Format Version 12.00
# Visual Studio Version 16
VisualStudioVersion = 16.0.32602.291
MinimumVisualStudioVersion = 10.0.40219.1
Project("{FAE04EC0-301F-11D3-BF4B-00C04F79EFBC}") = "atvVetor02", "atvVetor02\atvVetor02.csproj", "{F5BAD5B7-32DB-4E64-968A-BE9E45FF325F}"
EndProject
Global
	GlobalSection(SolutionConfigurationPlatforms) = preSolution
		Debug|Any CPU = Debug|Any CPU
		Release|Any CPU = Release|Any CPU
	EndGlobalSection
	GlobalSection(ProjectConfigurationPlatforms) = postSolution
		{F5BAD5B7-32DB-4E64-968A-BE9E45FF325F}.Debug|Any CPU.ActiveCfg = Debug|Any CPU
		{F5BAD5B7-32DB-4E64-968A-BE9E45FF325F}.Debug|Any CPU.Build.0 = Debug|Any CPU
		{F5BAD5B7-32DB-4E64-968A-BE9E45FF325F}.Release|Any CPU.ActiveCfg = Release|Any CPU
		{F5BAD5B7-32DB-4E64-968A-BE9E45FF325F}.Release|Any CPU.Build.0 = Release|Any CPU
	EndGlobalSection
	GlobalSection(SolutionProperties) = preSolution
		HideSolutionNode = FALSE
	EndGlobalSection
	GlobalSection(ExtensibilityGlobals) = postSolution
		SolutionGuid = {0DCCE983-BD57-4493-B4E4-5012A330702F}
	EndGlobalSection
EndGlobal
