
Microsoft Visual Studio Solution File, Format Version 12.00
# Visual Studio Version 16
VisualStudioVersion = 16.0.32602.291
MinimumVisualStudioVersion = 10.0.40219.1
Project("{FAE04EC0-301F-11D3-BF4B-00C04F79EFBC}") = "Vetores02", "Vetores02\Vetores02.csproj", "{14CCEE78-C9C2-4161-B629-2C65AAC6B46E}"
EndProject
Global
	GlobalSection(SolutionConfigurationPlatforms) = preSolution
		Debug|Any CPU = Debug|Any CPU
		Release|Any CPU = Release|Any CPU
	EndGlobalSection
	GlobalSection(ProjectConfigurationPlatforms) = postSolution
		{14CCEE78-C9C2-4161-B629-2C65AAC6B46E}.Debug|Any CPU.ActiveCfg = Debug|Any CPU
		{14CCEE78-C9C2-4161-B629-2C65AAC6B46E}.Debug|Any CPU.Build.0 = Debug|Any CPU
		{14CCEE78-C9C2-4161-B629-2C65AAC6B46E}.Release|Any CPU.ActiveCfg = Release|Any CPU
		{14CCEE78-C9C2-4161-B629-2C65AAC6B46E}.Release|Any CPU.Build.0 = Release|Any CPU
	EndGlobalSection
	GlobalSection(SolutionProperties) = preSolution
		HideSolutionNode = FALSE
	EndGlobalSection
	GlobalSection(ExtensibilityGlobals) = postSolution
		SolutionGuid = {5378DD67-D3BD-44A6-BD30-84262D6FA6D0}
	EndGlobalSection
EndGlobal
