
Microsoft Visual Studio Solution File, Format Version 12.00
# Visual Studio Version 16
VisualStudioVersion = 16.0.32602.291
MinimumVisualStudioVersion = 10.0.40219.1
Project("{FAE04EC0-301F-11D3-BF4B-00C04F79EFBC}") = "HorariosIfElse", "HorariosIfElse\HorariosIfElse.csproj", "{458A709E-D988-4BAB-B434-C696BB0A1A71}"
EndProject
Global
	GlobalSection(SolutionConfigurationPlatforms) = preSolution
		Debug|Any CPU = Debug|Any CPU
		Release|Any CPU = Release|Any CPU
	EndGlobalSection
	GlobalSection(ProjectConfigurationPlatforms) = postSolution
		{458A709E-D988-4BAB-B434-C696BB0A1A71}.Debug|Any CPU.ActiveCfg = Debug|Any CPU
		{458A709E-D988-4BAB-B434-C696BB0A1A71}.Debug|Any CPU.Build.0 = Debug|Any CPU
		{458A709E-D988-4BAB-B434-C696BB0A1A71}.Release|Any CPU.ActiveCfg = Release|Any CPU
		{458A709E-D988-4BAB-B434-C696BB0A1A71}.Release|Any CPU.Build.0 = Release|Any CPU
	EndGlobalSection
	GlobalSection(SolutionProperties) = preSolution
		HideSolutionNode = FALSE
	EndGlobalSection
	GlobalSection(ExtensibilityGlobals) = postSolution
		SolutionGuid = {F5C838D1-AA72-4789-8133-BBCB27E095EC}
	EndGlobalSection
EndGlobal
