
Microsoft Visual Studio Solution File, Format Version 12.00
# Visual Studio Version 16
VisualStudioVersion = 16.0.32602.291
MinimumVisualStudioVersion = 10.0.40219.1
Project("{FAE04EC0-301F-11D3-BF4B-00C04F79EFBC}") = "ExibirCaractereForn", "ExibirCaractereForn\ExibirCaractereForn.csproj", "{01129F9B-20A4-4E8F-8FAE-B10E53BB856D}"
EndProject
Global
	GlobalSection(SolutionConfigurationPlatforms) = preSolution
		Debug|Any CPU = Debug|Any CPU
		Release|Any CPU = Release|Any CPU
	EndGlobalSection
	GlobalSection(ProjectConfigurationPlatforms) = postSolution
		{01129F9B-20A4-4E8F-8FAE-B10E53BB856D}.Debug|Any CPU.ActiveCfg = Debug|Any CPU
		{01129F9B-20A4-4E8F-8FAE-B10E53BB856D}.Debug|Any CPU.Build.0 = Debug|Any CPU
		{01129F9B-20A4-4E8F-8FAE-B10E53BB856D}.Release|Any CPU.ActiveCfg = Release|Any CPU
		{01129F9B-20A4-4E8F-8FAE-B10E53BB856D}.Release|Any CPU.Build.0 = Release|Any CPU
	EndGlobalSection
	GlobalSection(SolutionProperties) = preSolution
		HideSolutionNode = FALSE
	EndGlobalSection
	GlobalSection(ExtensibilityGlobals) = postSolution
		SolutionGuid = {CF28E7FB-EB41-49B0-B516-F9E9F8540AC4}
	EndGlobalSection
EndGlobal
